
Microsoft Visual Studio Solution File, Format Version 12.00
# Visual Studio Version 16
VisualStudioVersion = 16.0.31410.357
MinimumVisualStudioVersion = 10.0.40219.1
Project("{FAE04EC0-301F-11D3-BF4B-00C04F79EFBC}") = "JokenPOW", "JokenPOW\JokenPOW.csproj", "{5ADB070F-C9E8-4AD4-B09D-819EA3EDF679}"
EndProject
Global
	GlobalSection(SolutionConfigurationPlatforms) = preSolution
		Debug|Any CPU = Debug|Any CPU
		Release|Any CPU = Release|Any CPU
	EndGlobalSection
	GlobalSection(ProjectConfigurationPlatforms) = postSolution
		{5ADB070F-C9E8-4AD4-B09D-819EA3EDF679}.Debug|Any CPU.ActiveCfg = Debug|Any CPU
		{5ADB070F-C9E8-4AD4-B09D-819EA3EDF679}.Debug|Any CPU.Build.0 = Debug|Any CPU
		{5ADB070F-C9E8-4AD4-B09D-819EA3EDF679}.Release|Any CPU.ActiveCfg = Release|Any CPU
		{5ADB070F-C9E8-4AD4-B09D-819EA3EDF679}.Release|Any CPU.Build.0 = Release|Any CPU
	EndGlobalSection
	GlobalSection(SolutionProperties) = preSolution
		HideSolutionNode = FALSE
	EndGlobalSection
	GlobalSection(ExtensibilityGlobals) = postSolution
		SolutionGuid = {01E409A7-CBC8-417B-9BAC-0D6F13C5531F}
	EndGlobalSection
EndGlobal
